// !$*UTF8*$!
{
	archiveVersion = 1;
	classes = {
	};
	objectVersion = 56;
	objects = {

/* Begin PBXBuildFile section */
		508F13423012853D00611B6E /* PolarBleSdk in Frameworks */ = {isa = PBXBuildFile; productRef = 508F13413012853D00611B6E /* PolarBleSdk */; };
		50A05BB43012EF1F006E93DF /* PolarBleSdk in Frameworks */ = {isa = PBXBuildFile; productRef = 50A05BB33012EF1F006E93DF /* PolarBleSdk */; };
		50A05BB73012F830006E93DF /* RxSwift in Frameworks */ = {isa = PBXBuildFile; productRef = 50A05BB63012F830006E93DF /* RxSwift */; };
		50A05BB930172EF2006E93DF /* ModeSelectionView.swift in Sources */ = {isa = PBXBuildFile; fileRef = 50A05BB830172EF2006E93DF /* ModeSelectionView.swift */; };
		50A05BBB30172F24006E93DF /* OnlineDashboardView.swift in Sources */ = {isa = PBXBuildFile; fileRef = 50A05BBA30172F24006E93DF /* OnlineDashboardView.swift */; };
		50A05BBD30172F38006E93DF /* OfflineDashboardView.swift in Sources */ = {isa = PBXBuildFile; fileRef = 50A05BBC30172F38006E93DF /* OfflineDashboardView.swift */; };
		50A05BBF30172FB9006E93DF /* OnlineSeonsorPanelView.swift in Sources */ = {isa = PBXBuildFile; fileRef = 50A05BBE30172FB9006E93DF /* OnlineSeonsorPanelView.swift */; };
		50A05BC13019840B006E93DF /* UsageGuideView.swift in Sources */ = {isa = PBXBuildFile; fileRef = 50A05BC03019840B006E93DF /* UsageGuideView.swift */; };
		50A05BC33019870B006E93DF /* SensorNicknameStore.swift in Sources */ = {isa = PBXBuildFile; fileRef = 50A05BC23019870B006E93DF /* SensorNicknameStore.swift */; };
		50A05BC530198737006E93DF /* SensorManagementView.swift in Sources */ = {isa = PBXBuildFile; fileRef = 50A05BC430198737006E93DF /* SensorManagementView.swift */; };
		50A05BC7301999FE006E93DF /* DataFileScanner.swift in Sources */ = {isa = PBXBuildFile; fileRef = 50A05BC6301999FE006E93DF /* DataFileScanner.swift */; };
		50A05BC930199A22006E93DF /* CsvDataLoader.swift in Sources */ = {isa = PBXBuildFile; fileRef = 50A05BC830199A22006E93DF /* CsvDataLoader.swift */; };
		50A05BCB30199A4F006E93DF /* StoredDataGraphView.swift in Sources */ = {isa = PBXBuildFile; fileRef = 50A05BCA30199A4F006E93DF /* StoredDataGraphView.swift */; };
		50A05BCD30199A6D006E93DF /* DataManagementView.swift in Sources */ = {isa = PBXBuildFile; fileRef = 50A05BCC30199A6D006E93DF /* DataManagementView.swift */; };
		50A05BCF301AD92A006E93DF /* SensorInfoChecker.swift in Sources */ = {isa = PBXBuildFile; fileRef = 50A05BCE301AD92A006E93DF /* SensorInfoChecker.swift */; };
		50A05BD1301AD99A006E93DF /* LastMeasurementSettingsStore.swift in Sources */ = {isa = PBXBuildFile; fileRef = 50A05BD0301AD99A006E93DF /* LastMeasurementSettingsStore.swift */; };
		50A05BD3301AE64A006E93DF /* SensorMemoryEraser.swift in Sources */ = {isa = PBXBuildFile; fileRef = 50A05BD2301AE64A006E93DF /* SensorMemoryEraser.swift */; };
		50C877B0301272AF00C7C0CB /* Polar360PanelApp.swift in Sources */ = {isa = PBXBuildFile; fileRef = 50C877AF301272AF00C7C0CB /* Polar360PanelApp.swift */; };
		50C877B2301272AF00C7C0CB /* ContentView.swift in Sources */ = {isa = PBXBuildFile; fileRef = 50C877B1301272AF00C7C0CB /* ContentView.swift */; };
		50C877B4301272B100C7C0CB /* Assets.xcassets in Resources */ = {isa = PBXBuildFile; fileRef = 50C877B3301272B100C7C0CB /* Assets.xcassets */; };
		50C877B7301272B100C7C0CB /* Preview Assets.xcassets in Resources */ = {isa = PBXBuildFile; fileRef = 50C877B6301272B100C7C0CB /* Preview Assets.xcassets */; };
		50C877C43012759A00C7C0CB /* PolarManager.swift in Sources */ = {isa = PBXBuildFile; fileRef = 50C877C03012759A00C7C0CB /* PolarManager.swift */; };
		50C877C53012759A00C7C0CB /* CsvLogger.swift in Sources */ = {isa = PBXBuildFile; fileRef = 50C877C13012759A00C7C0CB /* CsvLogger.swift */; };
		50C877C63012759A00C7C0CB /* SensorSlotViewModel.swift in Sources */ = {isa = PBXBuildFile; fileRef = 50C877C23012759A00C7C0CB /* SensorSlotViewModel.swift */; };
		50C877C73012759A00C7C0CB /* OfflineSensorPanelView.swift in Sources */ = {isa = PBXBuildFile; fileRef = 50C877C33012759A00C7C0CB /* OfflineSensorPanelView.swift */; };
/* End PBXBuildFile section */

/* Begin PBXFileReference section */
		50A05BB830172EF2006E93DF /* ModeSelectionView.swift */ = {isa = PBXFileReference; lastKnownFileType = sourcecode.swift; path = ModeSelectionView.swift; sourceTree = "<group>"; };
		50A05BBA30172F24006E93DF /* OnlineDashboardView.swift */ = {isa = PBXFileReference; lastKnownFileType = sourcecode.swift; path = OnlineDashboardView.swift; sourceTree = "<group>"; };
		50A05BBC30172F38006E93DF /* OfflineDashboardView.swift */ = {isa = PBXFileReference; lastKnownFileType = sourcecode.swift; path = OfflineDashboardView.swift; sourceTree = "<group>"; };
		50A05BBE30172FB9006E93DF /* OnlineSeonsorPanelView.swift */ = {isa = PBXFileReference; lastKnownFileType = sourcecode.swift; path = OnlineSeonsorPanelView.swift; sourceTree = "<group>"; };
		50A05BC03019840B006E93DF /* UsageGuideView.swift */ = {isa = PBXFileReference; lastKnownFileType = sourcecode.swift; path = UsageGuideView.swift; sourceTree = "<group>"; };
		50A05BC23019870B006E93DF /* SensorNicknameStore.swift */ = {isa = PBXFileReference; lastKnownFileType = sourcecode.swift; path = SensorNicknameStore.swift; sourceTree = "<group>"; };
		50A05BC430198737006E93DF /* SensorManagementView.swift */ = {isa = PBXFileReference; lastKnownFileType = sourcecode.swift; path = SensorManagementView.swift; sourceTree = "<group>"; };
		50A05BC6301999FE006E93DF /* DataFileScanner.swift */ = {isa = PBXFileReference; lastKnownFileType = sourcecode.swift; path = DataFileScanner.swift; sourceTree = "<group>"; };
		50A05BC830199A22006E93DF /* CsvDataLoader.swift */ = {isa = PBXFileReference; lastKnownFileType = sourcecode.swift; path = CsvDataLoader.swift; sourceTree = "<group>"; };
		50A05BCA30199A4F006E93DF /* StoredDataGraphView.swift */ = {isa = PBXFileReference; lastKnownFileType = sourcecode.swift; path = StoredDataGraphView.swift; sourceTree = "<group>"; };
		50A05BCC30199A6D006E93DF /* DataManagementView.swift */ = {isa = PBXFileReference; lastKnownFileType = sourcecode.swift; path = DataManagementView.swift; sourceTree = "<group>"; };
		50A05BCE301AD92A006E93DF /* SensorInfoChecker.swift */ = {isa = PBXFileReference; lastKnownFileType = sourcecode.swift; path = SensorInfoChecker.swift; sourceTree = "<group>"; };
		50A05BD0301AD99A006E93DF /* LastMeasurementSettingsStore.swift */ = {isa = PBXFileReference; lastKnownFileType = sourcecode.swift; path = LastMeasurementSettingsStore.swift; sourceTree = "<group>"; };
		50A05BD2301AE64A006E93DF /* SensorMemoryEraser.swift */ = {isa = PBXFileReference; lastKnownFileType = sourcecode.swift; path = SensorMemoryEraser.swift; sourceTree = "<group>"; };
		50C877AC301272AF00C7C0CB /* Polar360Panel.app */ = {isa = PBXFileReference; explicitFileType = wrapper.application; includeInIndex = 0; path = Polar360Panel.app; sourceTree = BUILT_PRODUCTS_DIR; };
		50C877AF301272AF00C7C0CB /* Polar360PanelApp.swift */ = {isa = PBXFileReference; lastKnownFileType = sourcecode.swift; path = Polar360PanelApp.swift; sourceTree = "<group>"; };
		50C877B1301272AF00C7C0CB /* ContentView.swift */ = {isa = PBXFileReference; lastKnownFileType = sourcecode.swift; path = ContentView.swift; sourceTree = "<group>"; };
		50C877B3301272B100C7C0CB /* Assets.xcassets */ = {isa = PBXFileReference; lastKnownFileType = folder.assetcatalog; path = Assets.xcassets; sourceTree = "<group>"; };
		50C877B6301272B100C7C0CB /* Preview Assets.xcassets */ = {isa = PBXFileReference; lastKnownFileType = folder.assetcatalog; path = "Preview Assets.xcassets"; sourceTree = "<group>"; };
		50C877C03012759A00C7C0CB /* PolarManager.swift */ = {isa = PBXFileReference; fileEncoding = 4; lastKnownFileType = sourcecode.swift; path = PolarManager.swift; sourceTree = "<group>"; };
		50C877C13012759A00C7C0CB /* CsvLogger.swift */ = {isa = PBXFileReference; fileEncoding = 4; lastKnownFileType = sourcecode.swift; path = CsvLogger.swift; sourceTree = "<group>"; };
		50C877C23012759A00C7C0CB /* SensorSlotViewModel.swift */ = {isa = PBXFileReference; fileEncoding = 4; lastKnownFileType = sourcecode.swift; path = SensorSlotViewModel.swift; sourceTree = "<group>"; };
		50C877C33012759A00C7C0CB /* OfflineSensorPanelView.swift */ = {isa = PBXFileReference; fileEncoding = 4; lastKnownFileType = sourcecode.swift; path = OfflineSensorPanelView.swift; sourceTree = "<group>"; };
		50C877C8301276E600C7C0CB /* Info.plist */ = {isa = PBXFileReference; lastKnownFileType = text.plist; path = Info.plist; sourceTree = "<group>"; };
/* End PBXFileReference section */

/* Begin PBXFrameworksBuildPhase section */
		50C877A9301272AF00C7C0CB /* Frameworks */ = {
			isa = PBXFrameworksBuildPhase;
			buildActionMask = 2147483647;
			files = (
				50A05BB73012F830006E93DF /* RxSwift in Frameworks */,
				50A05BB43012EF1F006E93DF /* PolarBleSdk in Frameworks */,
				508F13423012853D00611B6E /* PolarBleSdk in Frameworks */,
			);
			runOnlyForDeploymentPostprocessing = 0;
		};
/* End PBXFrameworksBuildPhase section */

/* Begin PBXGroup section */
		50A05BB13012EEC8006E93DF /* Frameworks */ = {
			isa = PBXGroup;
			children = (
			);
			name = Frameworks;
			sourceTree = "<group>";
		};
		50C877A3301272AF00C7C0CB = {
			isa = PBXGroup;
			children = (
				50C877AE301272AF00C7C0CB /* Polar360Panel */,
				50A05BB13012EEC8006E93DF /* Frameworks */,
				50C877AD301272AF00C7C0CB /* Products */,
			);
			sourceTree = "<group>";
		};
		50C877AD301272AF00C7C0CB /* Products */ = {
			isa = PBXGroup;
			children = (
				50C877AC301272AF00C7C0CB /* Polar360Panel.app */,
			);
			name = Products;
			sourceTree = "<group>";
		};
		50C877AE301272AF00C7C0CB /* Polar360Panel */ = {
			isa = PBXGroup;
			children = (
				50C877C8301276E600C7C0CB /* Info.plist */,
				50C877C13012759A00C7C0CB /* CsvLogger.swift */,
				50C877C03012759A00C7C0CB /* PolarManager.swift */,
				50C877C33012759A00C7C0CB /* OfflineSensorPanelView.swift */,
				50A05BBE30172FB9006E93DF /* OnlineSeonsorPanelView.swift */,
				50C877C23012759A00C7C0CB /* SensorSlotViewModel.swift */,
				50C877AF301272AF00C7C0CB /* Polar360PanelApp.swift */,
				50C877B1301272AF00C7C0CB /* ContentView.swift */,
				50C877B3301272B100C7C0CB /* Assets.xcassets */,
				50C877B5301272B100C7C0CB /* Preview Content */,
				50A05BB830172EF2006E93DF /* ModeSelectionView.swift */,
				50A05BBA30172F24006E93DF /* OnlineDashboardView.swift */,
				50A05BBC30172F38006E93DF /* OfflineDashboardView.swift */,
				50A05BC03019840B006E93DF /* UsageGuideView.swift */,
				50A05BC23019870B006E93DF /* SensorNicknameStore.swift */,
				50A05BC430198737006E93DF /* SensorManagementView.swift */,
				50A05BC6301999FE006E93DF /* DataFileScanner.swift */,
				50A05BC830199A22006E93DF /* CsvDataLoader.swift */,
				50A05BCA30199A4F006E93DF /* StoredDataGraphView.swift */,
				50A05BCC30199A6D006E93DF /* DataManagementView.swift */,
				50A05BCE301AD92A006E93DF /* SensorInfoChecker.swift */,
				50A05BD0301AD99A006E93DF /* LastMeasurementSettingsStore.swift */,
				50A05BD2301AE64A006E93DF /* SensorMemoryEraser.swift */,
			);
			path = Polar360Panel;
			sourceTree = "<group>";
		};
		50C877B5301272B100C7C0CB /* Preview Content */ = {
			isa = PBXGroup;
			children = (
				50C877B6301272B100C7C0CB /* Preview Assets.xcassets */,
			);
			path = "Preview Content";
			sourceTree = "<group>";
		};
/* End PBXGroup section */

/* Begin PBXNativeTarget section */
		50C877AB301272AF00C7C0CB /* Polar360Panel */ = {
			isa = PBXNativeTarget;
			buildConfigurationList = 50C877BA301272B100C7C0CB /* Build configuration list for PBXNativeTarget "Polar360Panel" */;
			buildPhases = (
				50C877A8301272AF00C7C0CB /* Sources */,
				50C877A9301272AF00C7C0CB /* Frameworks */,
				50C877AA301272AF00C7C0CB /* Resources */,
			);
			buildRules = (
			);
			dependencies = (
			);
			name = Polar360Panel;
			packageProductDependencies = (
				508F13413012853D00611B6E /* PolarBleSdk */,
				50A05BB33012EF1F006E93DF /* PolarBleSdk */,
				50A05BB63012F830006E93DF /* RxSwift */,
			);
			productName = Polar360Panel;
			productReference = 50C877AC301272AF00C7C0CB /* Polar360Panel.app */;
			productType = "com.apple.product-type.application";
		};
/* End PBXNativeTarget section */

/* Begin PBXProject section */
		50C877A4301272AF00C7C0CB /* Project object */ = {
			isa = PBXProject;
			attributes = {
				BuildIndependentTargetsInParallel = 1;
				LastSwiftUpdateCheck = 1500;
				LastUpgradeCheck = 2660;
				TargetAttributes = {
					50C877AB301272AF00C7C0CB = {
						CreatedOnToolsVersion = 15.0.1;
					};
				};
			};
			buildConfigurationList = 50C877A7301272AF00C7C0CB /* Build configuration list for PBXProject "Polar360Panel" */;
			compatibilityVersion = "Xcode 14.0";
			developmentRegion = en;
			hasScannedForEncodings = 0;
			knownRegions = (
				en,
				Base,
			);
			mainGroup = 50C877A3301272AF00C7C0CB;
			packageReferences = (
				50A05BB23012EF1F006E93DF /* XCRemoteSwiftPackageReference "polar-ble-sdk" */,
				50A05BB53012F830006E93DF /* XCRemoteSwiftPackageReference "RxSwift" */,
			);
			productRefGroup = 50C877AD301272AF00C7C0CB /* Products */;
			projectDirPath = "";
			projectRoot = "";
			targets = (
				50C877AB301272AF00C7C0CB /* Polar360Panel */,
			);
		};
/* End PBXProject section */

/* Begin PBXResourcesBuildPhase section */
		50C877AA301272AF00C7C0CB /* Resources */ = {
			isa = PBXResourcesBuildPhase;
			buildActionMask = 2147483647;
			files = (
				50C877B7301272B100C7C0CB /* Preview Assets.xcassets in Resources */,
				50C877B4301272B100C7C0CB /* Assets.xcassets in Resources */,
			);
			runOnlyForDeploymentPostprocessing = 0;
		};
/* End PBXResourcesBuildPhase section */

/* Begin PBXSourcesBuildPhase section */
		50C877A8301272AF00C7C0CB /* Sources */ = {
			isa = PBXSourcesBuildPhase;
			buildActionMask = 2147483647;
			files = (
				50A05BC13019840B006E93DF /* UsageGuideView.swift in Sources */,
				50C877B2301272AF00C7C0CB /* ContentView.swift in Sources */,
				50C877C43012759A00C7C0CB /* PolarManager.swift in Sources */,
				50C877C53012759A00C7C0CB /* CsvLogger.swift in Sources */,
				50A05BD3301AE64A006E93DF /* SensorMemoryEraser.swift in Sources */,
				50C877C73012759A00C7C0CB /* OfflineSensorPanelView.swift in Sources */,
				50A05BBD30172F38006E93DF /* OfflineDashboardView.swift in Sources */,
				50A05BBB30172F24006E93DF /* OnlineDashboardView.swift in Sources */,
				50A05BCD30199A6D006E93DF /* DataManagementView.swift in Sources */,
				50A05BBF30172FB9006E93DF /* OnlineSeonsorPanelView.swift in Sources */,
				50A05BB930172EF2006E93DF /* ModeSelectionView.swift in Sources */,
				50A05BC530198737006E93DF /* SensorManagementView.swift in Sources */,
				50A05BC7301999FE006E93DF /* DataFileScanner.swift in Sources */,
				50A05BC33019870B006E93DF /* SensorNicknameStore.swift in Sources */,
				50A05BD1301AD99A006E93DF /* LastMeasurementSettingsStore.swift in Sources */,
				50A05BCB30199A4F006E93DF /* StoredDataGraphView.swift in Sources */,
				50C877C63012759A00C7C0CB /* SensorSlotViewModel.swift in Sources */,
				50C877B0301272AF00C7C0CB /* Polar360PanelApp.swift in Sources */,
				50A05BC930199A22006E93DF /* CsvDataLoader.swift in Sources */,
				50A05BCF301AD92A006E93DF /* SensorInfoChecker.swift in Sources */,
			);
			runOnlyForDeploymentPostprocessing = 0;
		};
/* End PBXSourcesBuildPhase section */

/* Begin XCBuildConfiguration section */
		50C877B8301272B100C7C0CB /* Debug */ = {
			isa = XCBuildConfiguration;
			buildSettings = {
				ALWAYS_SEARCH_USER_PATHS = NO;
				ASSETCATALOG_COMPILER_GENERATE_SWIFT_ASSET_SYMBOL_EXTENSIONS = YES;
				CLANG_ANALYZER_NONNULL = YES;
				CLANG_ANALYZER_NUMBER_OBJECT_CONVERSION = YES_AGGRESSIVE;
				CLANG_CXX_LANGUAGE_STANDARD = "gnu++20";
				CLANG_ENABLE_MODULES = YES;
				CLANG_ENABLE_OBJC_ARC = YES;
				CLANG_ENABLE_OBJC_WEAK = YES;
				CLANG_WARN_BLOCK_CAPTURE_AUTORELEASING = YES;
				CLANG_WARN_BOOL_CONVERSION = YES;
				CLANG_WARN_COMMA = YES;
				CLANG_WARN_CONSTANT_CONVERSION = YES;
				CLANG_WARN_DEPRECATED_OBJC_IMPLEMENTATIONS = YES;
				CLANG_WARN_DIRECT_OBJC_ISA_USAGE = YES_ERROR;
				CLANG_WARN_DOCUMENTATION_COMMENTS = YES;
				CLANG_WARN_EMPTY_BODY = YES;
				CLANG_WARN_ENUM_CONVERSION = YES;
				CLANG_WARN_INFINITE_RECURSION = YES;
				CLANG_WARN_INT_CONVERSION = YES;
				CLANG_WARN_NON_LITERAL_NULL_CONVERSION = YES;
				CLANG_WARN_OBJC_IMPLICIT_RETAIN_SELF = YES;
				CLANG_WARN_OBJC_LITERAL_CONVERSION = YES;
				CLANG_WARN_OBJC_ROOT_CLASS = YES_ERROR;
				CLANG_WARN_QUOTED_INCLUDE_IN_FRAMEWORK_HEADER = YES;
				CLANG_WARN_RANGE_LOOP_ANALYSIS = YES;
				CLANG_WARN_STRICT_PROTOTYPES = YES;
				CLANG_WARN_SUSPICIOUS_MOVE = YES;
				CLANG_WARN_UNGUARDED_AVAILABILITY = YES_AGGRESSIVE;
				CLANG_WARN_UNREACHABLE_CODE = YES;
				CLANG_WARN__DUPLICATE_METHOD_MATCH = YES;
				COPY_PHASE_STRIP = NO;
				DEBUG_INFORMATION_FORMAT = dwarf;
				DEVELOPMENT_TEAM = 7GXWX4Y3BG;
				ENABLE_STRICT_OBJC_MSGSEND = YES;
				ENABLE_TESTABILITY = YES;
				ENABLE_USER_SCRIPT_SANDBOXING = YES;
				GCC_C_LANGUAGE_STANDARD = gnu17;
				GCC_DYNAMIC_NO_PIC = NO;
				GCC_NO_COMMON_BLOCKS = YES;
				GCC_OPTIMIZATION_LEVEL = 0;
				GCC_PREPROCESSOR_DEFINITIONS = (
					"DEBUG=1",
					"$(inherited)",
				);
				GCC_WARN_64_TO_32_BIT_CONVERSION = YES;
				GCC_WARN_ABOUT_RETURN_TYPE = YES_ERROR;
				GCC_WARN_UNDECLARED_SELECTOR = YES;
				GCC_WARN_UNINITIALIZED_AUTOS = YES_AGGRESSIVE;
				GCC_WARN_UNUSED_FUNCTION = YES;
				GCC_WARN_UNUSED_VARIABLE = YES;
				IPHONEOS_DEPLOYMENT_TARGET = 17.0;
				LOCALIZATION_PREFERS_STRING_CATALOGS = YES;
				MTL_ENABLE_DEBUG_INFO = INCLUDE_SOURCE;
				MTL_FAST_MATH = YES;
				ONLY_ACTIVE_ARCH = YES;
				SDKROOT = iphoneos;
				STRING_CATALOG_GENERATE_SYMBOLS = YES;
				SWIFT_ACTIVE_COMPILATION_CONDITIONS = "DEBUG $(inherited)";
				SWIFT_OPTIMIZATION_LEVEL = "-Onone";
			};
			name = Debug;
		};
		50C877B9301272B100C7C0CB /* Release */ = {
			isa = XCBuildConfiguration;
			buildSettings = {
				ALWAYS_SEARCH_USER_PATHS = NO;
				ASSETCATALOG_COMPILER_GENERATE_SWIFT_ASSET_SYMBOL_EXTENSIONS = YES;
				CLANG_ANALYZER_NONNULL = YES;
				CLANG_ANALYZER_NUMBER_OBJECT_CONVERSION = YES_AGGRESSIVE;
				CLANG_CXX_LANGUAGE_STANDARD = "gnu++20";
				CLANG_ENABLE_MODULES = YES;
				CLANG_ENABLE_OBJC_ARC = YES;
				CLANG_ENABLE_OBJC_WEAK = YES;
				CLANG_WARN_BLOCK_CAPTURE_AUTORELEASING = YES;
				CLANG_WARN_BOOL_CONVERSION = YES;
				CLANG_WARN_COMMA = YES;
				CLANG_WARN_CONSTANT_CONVERSION = YES;
				CLANG_WARN_DEPRECATED_OBJC_IMPLEMENTATIONS = YES;
				CLANG_WARN_DIRECT_OBJC_ISA_USAGE = YES_ERROR;
				CLANG_WARN_DOCUMENTATION_COMMENTS = YES;
				CLANG_WARN_EMPTY_BODY = YES;
				CLANG_WARN_ENUM_CONVERSION = YES;
				CLANG_WARN_INFINITE_RECURSION = YES;
				CLANG_WARN_INT_CONVERSION = YES;
				CLANG_WARN_NON_LITERAL_NULL_CONVERSION = YES;
				CLANG_WARN_OBJC_IMPLICIT_RETAIN_SELF = YES;
				CLANG_WARN_OBJC_LITERAL_CONVERSION = YES;
				CLANG_WARN_OBJC_ROOT_CLASS = YES_ERROR;
				CLANG_WARN_QUOTED_INCLUDE_IN_FRAMEWORK_HEADER = YES;
				CLANG_WARN_RANGE_LOOP_ANALYSIS = YES;
				CLANG_WARN_STRICT_PROTOTYPES = YES;
				CLANG_WARN_SUSPICIOUS_MOVE = YES;
				CLANG_WARN_UNGUARDED_AVAILABILITY = YES_AGGRESSIVE;
				CLANG_WARN_UNREACHABLE_CODE = YES;
				CLANG_WARN__DUPLICATE_METHOD_MATCH = YES;
				COPY_PHASE_STRIP = NO;
				DEBUG_INFORMATION_FORMAT = "dwarf-with-dsym";
				DEVELOPMENT_TEAM = 7GXWX4Y3BG;
				ENABLE_NS_ASSERTIONS = NO;
				ENABLE_STRICT_OBJC_MSGSEND = YES;
				ENABLE_USER_SCRIPT_SANDBOXING = YES;
				GCC_C_LANGUAGE_STANDARD = gnu17;
				GCC_NO_COMMON_BLOCKS = YES;
				GCC_WARN_64_TO_32_BIT_CONVERSION = YES;
				GCC_WARN_ABOUT_RETURN_TYPE = YES_ERROR;
				GCC_WARN_UNDECLARED_SELECTOR = YES;
				GCC_WARN_UNINITIALIZED_AUTOS = YES_AGGRESSIVE;
				GCC_WARN_UNUSED_FUNCTION = YES;
				GCC_WARN_UNUSED_VARIABLE = YES;
				IPHONEOS_DEPLOYMENT_TARGET = 17.0;
				LOCALIZATION_PREFERS_STRING_CATALOGS = YES;
				MTL_ENABLE_DEBUG_INFO = NO;
				MTL_FAST_MATH = YES;
				SDKROOT = iphoneos;
				STRING_CATALOG_GENERATE_SYMBOLS = YES;
				SWIFT_COMPILATION_MODE = wholemodule;
				VALIDATE_PRODUCT = YES;
			};
			name = Release;
		};
		50C877BB301272B100C7C0CB /* Debug */ = {
			isa = XCBuildConfiguration;
			buildSettings = {
				ASSETCATALOG_COMPILER_APPICON_NAME = AppIcon;
				ASSETCATALOG_COMPILER_GLOBAL_ACCENT_COLOR_NAME = AccentColor;
				CODE_SIGN_IDENTITY = "Apple Development";
				CODE_SIGN_STYLE = Automatic;
				CURRENT_PROJECT_VERSION = 1;
				DEVELOPMENT_ASSET_PATHS = "\"Polar360Panel/Preview Content\"";
				DEVELOPMENT_TEAM = 7GXWX4Y3BG;
				ENABLE_PREVIEWS = YES;
				GENERATE_INFOPLIST_FILE = YES;
				INFOPLIST_FILE = Polar360Panel/Info.plist;
				INFOPLIST_KEY_LSSupportsOpeningDocumentsInPlace = YES;
				INFOPLIST_KEY_NSBluetoothAlwaysUsageDescription = "センサとの接続にBluetoothを使用します";
				INFOPLIST_KEY_UIApplicationSceneManifest_Generation = YES;
				INFOPLIST_KEY_UIApplicationSupportsIndirectInputEvents = YES;
				INFOPLIST_KEY_UILaunchScreen_Generation = YES;
				INFOPLIST_KEY_UISupportedInterfaceOrientations = "UIInterfaceOrientationLandscapeLeft UIInterfaceOrientationLandscapeRight UIInterfaceOrientationPortrait";
				INFOPLIST_KEY_UISupportedInterfaceOrientations_iPad = "UIInterfaceOrientationLandscapeLeft UIInterfaceOrientationLandscapeRight UIInterfaceOrientationPortrait UIInterfaceOrientationPortraitUpsideDown";
				LD_RUNPATH_SEARCH_PATHS = (
					"$(inherited)",
					"@executable_path/Frameworks",
				);
				MARKETING_VERSION = 1.0;
				PRODUCT_BUNDLE_IDENTIFIER = "com.r-hasegawa.Polar360Panel";
				PRODUCT_NAME = "$(TARGET_NAME)";
				PROVISIONING_PROFILE_SPECIFIER = "";
				SUPPORTED_PLATFORMS = "iphoneos iphonesimulator";
				SUPPORTS_MACCATALYST = NO;
				SUPPORTS_XR_DESIGNED_FOR_IPHONE_IPAD = NO;
				SWIFT_EMIT_LOC_STRINGS = YES;
				SWIFT_VERSION = 5.0;
				TARGETED_DEVICE_FAMILY = 2;
			};
			name = Debug;
		};
		50C877BC301272B100C7C0CB /* Release */ = {
			isa = XCBuildConfiguration;
			buildSettings = {
				ASSETCATALOG_COMPILER_APPICON_NAME = AppIcon;
				ASSETCATALOG_COMPILER_GLOBAL_ACCENT_COLOR_NAME = AccentColor;
				CODE_SIGN_IDENTITY = "Apple Development";
				CODE_SIGN_STYLE = Automatic;
				CURRENT_PROJECT_VERSION = 1;
				DEVELOPMENT_ASSET_PATHS = "\"Polar360Panel/Preview Content\"";
				DEVELOPMENT_TEAM = 7GXWX4Y3BG;
				ENABLE_PREVIEWS = YES;
				GENERATE_INFOPLIST_FILE = YES;
				INFOPLIST_FILE = Polar360Panel/Info.plist;
				INFOPLIST_KEY_LSSupportsOpeningDocumentsInPlace = YES;
				INFOPLIST_KEY_NSBluetoothAlwaysUsageDescription = "センサとの接続にBluetoothを使用します";
				INFOPLIST_KEY_UIApplicationSceneManifest_Generation = YES;
				INFOPLIST_KEY_UIApplicationSupportsIndirectInputEvents = YES;
				INFOPLIST_KEY_UILaunchScreen_Generation = YES;
				INFOPLIST_KEY_UISupportedInterfaceOrientations = "UIInterfaceOrientationLandscapeLeft UIInterfaceOrientationLandscapeRight UIInterfaceOrientationPortrait";
				INFOPLIST_KEY_UISupportedInterfaceOrientations_iPad = "UIInterfaceOrientationLandscapeLeft UIInterfaceOrientationLandscapeRight UIInterfaceOrientationPortrait UIInterfaceOrientationPortraitUpsideDown";
				LD_RUNPATH_SEARCH_PATHS = (
					"$(inherited)",
					"@executable_path/Frameworks",
				);
				MARKETING_VERSION = 1.0;
				PRODUCT_BUNDLE_IDENTIFIER = "com.r-hasegawa.Polar360Panel";
				PRODUCT_NAME = "$(TARGET_NAME)";
				PROVISIONING_PROFILE_SPECIFIER = "";
				SUPPORTED_PLATFORMS = "iphoneos iphonesimulator";
				SUPPORTS_MACCATALYST = NO;
				SUPPORTS_XR_DESIGNED_FOR_IPHONE_IPAD = NO;
				SWIFT_EMIT_LOC_STRINGS = YES;
				SWIFT_VERSION = 5.0;
				TARGETED_DEVICE_FAMILY = 2;
			};
			name = Release;
		};
/* End XCBuildConfiguration section */

/* Begin XCConfigurationList section */
		50C877A7301272AF00C7C0CB /* Build configuration list for PBXProject "Polar360Panel" */ = {
			isa = XCConfigurationList;
			buildConfigurations = (
				50C877B8301272B100C7C0CB /* Debug */,
				50C877B9301272B100C7C0CB /* Release */,
			);
			defaultConfigurationIsVisible = 0;
			defaultConfigurationName = Release;
		};
		50C877BA301272B100C7C0CB /* Build configuration list for PBXNativeTarget "Polar360Panel" */ = {
			isa = XCConfigurationList;
			buildConfigurations = (
				50C877BB301272B100C7C0CB /* Debug */,
				50C877BC301272B100C7C0CB /* Release */,
			);
			defaultConfigurationIsVisible = 0;
			defaultConfigurationName = Release;
		};
/* End XCConfigurationList section */

/* Begin XCRemoteSwiftPackageReference section */
		50A05BB23012EF1F006E93DF /* XCRemoteSwiftPackageReference "polar-ble-sdk" */ = {
			isa = XCRemoteSwiftPackageReference;
			repositoryURL = "https://github.com/polarofficial/polar-ble-sdk.git";
			requirement = {
				kind = upToNextMajorVersion;
				minimumVersion = 8.1.0;
			};
		};
		50A05BB53012F830006E93DF /* XCRemoteSwiftPackageReference "RxSwift" */ = {
			isa = XCRemoteSwiftPackageReference;
			repositoryURL = "https://github.com/ReactiveX/RxSwift.git";
			requirement = {
				kind = upToNextMajorVersion;
				minimumVersion = 6.10.2;
			};
		};
/* End XCRemoteSwiftPackageReference section */

/* Begin XCSwiftPackageProductDependency section */
		508F13413012853D00611B6E /* PolarBleSdk */ = {
			isa = XCSwiftPackageProductDependency;
			productName = PolarBleSdk;
		};
		50A05BB33012EF1F006E93DF /* PolarBleSdk */ = {
			isa = XCSwiftPackageProductDependency;
			package = 50A05BB23012EF1F006E93DF /* XCRemoteSwiftPackageReference "polar-ble-sdk" */;
			productName = PolarBleSdk;
		};
		50A05BB63012F830006E93DF /* RxSwift */ = {
			isa = XCSwiftPackageProductDependency;
			package = 50A05BB53012F830006E93DF /* XCRemoteSwiftPackageReference "RxSwift" */;
			productName = RxSwift;
		};
/* End XCSwiftPackageProductDependency section */
	};
	rootObject = 50C877A4301272AF00C7C0CB /* Project object */;
}
